// !$*UTF8*$!
{
	archiveVersion = 1;
	classes = {
	};
	objectVersion = 50;
	objects = {

/* Begin PBXBuildFile section */
		73E1275C2181FB15001D0F40 /* AppDelegate.swift in Sources */ = {isa = PBXBuildFile; fileRef = 73E1275B2181FB15001D0F40 /* AppDelegate.swift */; };
		73E1275E2181FB15001D0F40 /* RecordSoundsViewController.swift in Sources */ = {isa = PBXBuildFile; fileRef = 73E1275D2181FB15001D0F40 /* RecordSoundsViewController.swift */; };
		73E127612181FB15001D0F40 /* Main.storyboard in Resources */ = {isa = PBXBuildFile; fileRef = 73E1275F2181FB15001D0F40 /* Main.storyboard */; };
		73E127632181FB17001D0F40 /* Assets.xcassets in Resources */ = {isa = PBXBuildFile; fileRef = 73E127622181FB17001D0F40 /* Assets.xcassets */; };
		73E127662181FB17001D0F40 /* LaunchScreen.storyboard in Resources */ = {isa = PBXBuildFile; fileRef = 73E127642181FB17001D0F40 /* LaunchScreen.storyboard */; };
		73E1276E21827500001D0F40 /* PlaySoundsViewController.swift in Sources */ = {isa = PBXBuildFile; fileRef = 73E1276D21827500001D0F40 /* PlaySoundsViewController.swift */; };
		73E12770218312F2001D0F40 /* PlaySoundsViewController+Audio.swift in Sources */ = {isa = PBXBuildFile; fileRef = 73E1276F218312F2001D0F40 /* PlaySoundsViewController+Audio.swift */; };
/* End PBXBuildFile section */

/* Begin PBXFileReference section */
		73E127582181FB15001D0F40 /* PitchPerfict.app */ = {isa = PBXFileReference; explicitFileType = wrapper.application; includeInIndex = 0; path = PitchPerfict.app; sourceTree = BUILT_PRODUCTS_DIR; };
		73E1275B2181FB15001D0F40 /* AppDelegate.swift */ = {isa = PBXFileReference; lastKnownFileType = sourcecode.swift; path = AppDelegate.swift; sourceTree = "<group>"; };
		73E1275D2181FB15001D0F40 /* RecordSoundsViewController.swift */ = {isa = PBXFileReference; lastKnownFileType = sourcecode.swift; path = RecordSoundsViewController.swift; sourceTree = "<group>"; };
		73E127602181FB15001D0F40 /* Base */ = {isa = PBXFileReference; lastKnownFileType = file.storyboard; name = Base; path = Base.lproj/Main.storyboard; sourceTree = "<group>"; };
		73E127622181FB17001D0F40 /* Assets.xcassets */ = {isa = PBXFileReference; lastKnownFileType = folder.assetcatalog; path = Assets.xcassets; sourceTree = "<group>"; };
		73E127652181FB17001D0F40 /* Base */ = {isa = PBXFileReference; lastKnownFileType = file.storyboard; name = Base; path = Base.lproj/LaunchScreen.storyboard; sourceTree = "<group>"; };
		73E127672181FB17001D0F40 /* Info.plist */ = {isa = PBXFileReference; lastKnownFileType = text.plist.xml; path = Info.plist; sourceTree = "<group>"; };
		73E1276D21827500001D0F40 /* PlaySoundsViewController.swift */ = {isa = PBXFileReference; lastKnownFileType = sourcecode.swift; path = PlaySoundsViewController.swift; sourceTree = "<group>"; };
		73E1276F218312F2001D0F40 /* PlaySoundsViewController+Audio.swift */ = {isa = PBXFileReference; lastKnownFileType = sourcecode.swift; path = "PlaySoundsViewController+Audio.swift"; sourceTree = "<group>"; };
/* End PBXFileReference section */

/* Begin PBXFrameworksBuildPhase section */
		73E127552181FB15001D0F40 /* Frameworks */ = {
			isa = PBXFrameworksBuildPhase;
			buildActionMask = 2147483647;
			files = (
			);
			runOnlyForDeploymentPostprocessing = 0;
		};
/* End PBXFrameworksBuildPhase section */

/* Begin PBXGroup section */
		73E1274F2181FB15001D0F40 = {
			isa = PBXGroup;
			children = (
				73E1275A2181FB15001D0F40 /* PitchPerfict */,
				73E127592181FB15001D0F40 /* Products */,
			);
			sourceTree = "<group>";
		};
		73E127592181FB15001D0F40 /* Products */ = {
			isa = PBXGroup;
			children = (
				73E127582181FB15001D0F40 /* PitchPerfict.app */,
			);
			name = Products;
			sourceTree = "<group>";
		};
		73E1275A2181FB15001D0F40 /* PitchPerfict */ = {
			isa = PBXGroup;
			children = (
				73E1275B2181FB15001D0F40 /* AppDelegate.swift */,
				73E1275D2181FB15001D0F40 /* RecordSoundsViewController.swift */,
				73E1275F2181FB15001D0F40 /* Main.storyboard */,
				73E127622181FB17001D0F40 /* Assets.xcassets */,
				73E127642181FB17001D0F40 /* LaunchScreen.storyboard */,
				73E127672181FB17001D0F40 /* Info.plist */,
				73E1276D21827500001D0F40 /* PlaySoundsViewController.swift */,
				73E1276F218312F2001D0F40 /* PlaySoundsViewController+Audio.swift */,
			);
			path = PitchPerfict;
			sourceTree = "<group>";
		};
/* End PBXGroup section */

/* Begin PBXNativeTarget section */
		73E127572181FB15001D0F40 /* PitchPerfict */ = {
			isa = PBXNativeTarget;
			buildConfigurationList = 73E1276A2181FB17001D0F40 /* Build configuration list for PBXNativeTarget "PitchPerfict" */;
			buildPhases = (
				73E127542181FB15001D0F40 /* Sources */,
				73E127552181FB15001D0F40 /* Frameworks */,
				73E127562181FB15001D0F40 /* Resources */,
			);
			buildRules = (
			);
			dependencies = (
			);
			name = PitchPerfict;
			productName = PitchPerfict;
			productReference = 73E127582181FB15001D0F40 /* PitchPerfict.app */;
			productType = "com.apple.product-type.application";
		};
/* End PBXNativeTarget section */

/* Begin PBXProject section */
		73E127502181FB15001D0F40 /* Project object */ = {
			isa = PBXProject;
			attributes = {
				LastSwiftUpdateCheck = 1000;
				LastUpgradeCheck = 1000;
				ORGANIZATIONNAME = "Bashayer ";
				TargetAttributes = {
					73E127572181FB15001D0F40 = {
						CreatedOnToolsVersion = 10.0;
					};
				};
			};
			buildConfigurationList = 73E127532181FB15001D0F40 /* Build configuration list for PBXProject "PitchPerfict" */;
			compatibilityVersion = "Xcode 9.3";
			developmentRegion = en;
			hasScannedForEncodings = 0;
			knownRegions = (
				en,
				Base,
			);
			mainGroup = 73E1274F2181FB15001D0F40;
			productRefGroup = 73E127592181FB15001D0F40 /* Products */;
			projectDirPath = "";
			projectRoot = "";
			targets = (
				73E127572181FB15001D0F40 /* PitchPerfict */,
			);
		};
/* End PBXProject section */

/* Begin PBXResourcesBuildPhase section */
		73E127562181FB15001D0F40 /* Resources */ = {
			isa = PBXResourcesBuildPhase;
			buildActionMask = 2147483647;
			files = (
				73E127662181FB17001D0F40 /* LaunchScreen.storyboard in Resources */,
				73E127632181FB17001D0F40 /* Assets.xcassets in Resources */,
				73E127612181FB15001D0F40 /* Main.storyboard in Resources */,
			);
			runOnlyForDeploymentPostprocessing = 0;
		};
/* End PBXResourcesBuildPhase section */

/* Begin PBXSourcesBuildPhase section */
		73E127542181FB15001D0F40 /* Sources */ = {
			isa = PBXSourcesBuildPhase;
			buildActionMask = 2147483647;
			files = (
				73E1275E2181FB15001D0F40 /* RecordSoundsViewController.swift in Sources */,
				73E12770218312F2001D0F40 /* PlaySoundsViewController+Audio.swift in Sources */,
				73E1276E21827500001D0F40 /* PlaySoundsViewController.swift in Sources */,
				73E1275C2181FB15001D0F40 /* AppDelegate.swift in Sources */,
			);
			runOnlyForDeploymentPostprocessing = 0;
		};
/* End PBXSourcesBuildPhase section */

/* Begin PBXVariantGroup section */
		73E1275F2181FB15001D0F40 /* Main.storyboard */ = {
			isa = PBXVariantGroup;
			children = (
				73E127602181FB15001D0F40 /* Base */,
			);
			name = Main.storyboard;
			sourceTree = "<group>";
		};
		73E127642181FB17001D0F40 /* LaunchScreen.storyboard */ = {
			isa = PBXVariantGroup;
			children = (
				73E127652181FB17001D0F40 /* Base */,
			);
			name = LaunchScreen.storyboard;
			sourceTree = "<group>";
		};
/* End PBXVariantGroup section */

/* Begin XCBuildConfiguration section */
		73E127682181FB17001D0F40 /* Debug */ = {
			isa = XCBuildConfiguration;
			buildSettings = {
				ALWAYS_SEARCH_USER_PATHS = NO;
				CLANG_ANALYZER_NONNULL = YES;
				CLANG_ANALYZER_NUMBER_OBJECT_CONVERSION = YES_AGGRESSIVE;
				CLANG_CXX_LANGUAGE_STANDARD = "gnu++14";
				CLANG_CXX_LIBRARY = "libc++";
				CLANG_ENABLE_MODULES = YES;
				CLANG_ENABLE_OBJC_ARC = YES;
				CLANG_ENABLE_OBJC_WEAK = YES;
				CLANG_WARN_BLOCK_CAPTURE_AUTORELEASING = YES;
				CLANG_WARN_BOOL_CONVERSION = YES;
				CLANG_WARN_COMMA = YES;
				CLANG_WARN_CONSTANT_CONVERSION = YES;
				CLANG_WARN_DEPRECATED_OBJC_IMPLEMENTATIONS = YES;
				CLANG_WARN_DIRECT_OBJC_ISA_USAGE = YES_ERROR;
				CLANG_WARN_DOCUMENTATION_COMMENTS = YES;
				CLANG_WARN_EMPTY_BODY = YES;
				CLANG_WARN_ENUM_CONVERSION = YES;
				CLANG_WARN_INFINITE_RECURSION = YES;
				CLANG_WARN_INT_CONVERSION = YES;
				CLANG_WARN_NON_LITERAL_NULL_CONVERSION = YES;
				CLANG_WARN_OBJC_IMPLICIT_RETAIN_SELF = YES;
				CLANG_WARN_OBJC_LITERAL_CONVERSION = YES;
				CLANG_WARN_OBJC_ROOT_CLASS = YES_ERROR;
				CLANG_WARN_RANGE_LOOP_ANALYSIS = YES;
				CLANG_WARN_STRICT_PROTOTYPES = YES;
				CLANG_WARN_SUSPICIOUS_MOVE = YES;
				CLANG_WARN_UNGUARDED_AVAILABILITY = YES_AGGRESSIVE;
				CLANG_WARN_UNREACHABLE_CODE = YES;
				CLANG_WARN__DUPLICATE_METHOD_MATCH = YES;
				CODE_SIGN_IDENTITY = "iPhone Developer";
				COPY_PHASE_STRIP = NO;
				DEBUG_INFORMATION_FORMAT = dwarf;
				ENABLE_STRICT_OBJC_MSGSEND = YES;
				ENABLE_TESTABILITY = YES;
				GCC_C_LANGUAGE_STANDARD = gnu11;
				GCC_DYNAMIC_NO_PIC = NO;
				GCC_NO_COMMON_BLOCKS = YES;
				GCC_OPTIMIZATION_LEVEL = 0;
				GCC_PREPROCESSOR_DEFINITIONS = (
					"DEBUG=1",
					"$(inherited)",
				);
				GCC_WARN_64_TO_32_BIT_CONVERSION = YES;
				GCC_WARN_ABOUT_RETURN_TYPE = YES_ERROR;
				GCC_WARN_UNDECLARED_SELECTOR = YES;
				GCC_WARN_UNINITIALIZED_AUTOS = YES_AGGRESSIVE;
				GCC_WARN_UNUSED_FUNCTION = YES;
				GCC_WARN_UNUSED_VARIABLE = YES;
				IPHONEOS_DEPLOYMENT_TARGET = 12.0;
				MTL_ENABLE_DEBUG_INFO = INCLUDE_SOURCE;
				MTL_FAST_MATH = YES;
				ONLY_ACTIVE_ARCH = YES;
				SDKROOT = iphoneos;
				SWIFT_ACTIVE_COMPILATION_CONDITIONS = DEBUG;
				SWIFT_OPTIMIZATION_LEVEL = "-Onone";
			};
			name = Debug;
		};
		73E127692181FB17001D0F40 /* Release */ = {
			isa = XCBuildConfiguration;
			buildSettings = {
				ALWAYS_SEARCH_USER_PATHS = NO;
				CLANG_ANALYZER_NONNULL = YES;
				CLANG_ANALYZER_NUMBER_OBJECT_CONVERSION = YES_AGGRESSIVE;
				CLANG_CXX_LANGUAGE_STANDARD = "gnu++14";
				CLANG_CXX_LIBRARY = "libc++";
				CLANG_ENABLE_MODULES = YES;
				CLANG_ENABLE_OBJC_ARC = YES;
				CLANG_ENABLE_OBJC_WEAK = YES;
				CLANG_WARN_BLOCK_CAPTURE_AUTORELEASING = YES;
				CLANG_WARN_BOOL_CONVERSION = YES;
				CLANG_WARN_COMMA = YES;
				CLANG_WARN_CONSTANT_CONVERSION = YES;
				CLANG_WARN_DEPRECATED_OBJC_IMPLEMENTATIONS = YES;
				CLANG_WARN_DIRECT_OBJC_ISA_USAGE = YES_ERROR;
				CLANG_WARN_DOCUMENTATION_COMMENTS = YES;
				CLANG_WARN_EMPTY_BODY = YES;
				CLANG_WARN_ENUM_CONVERSION = YES;
				CLANG_WARN_INFINITE_RECURSION = YES;
				CLANG_WARN_INT_CONVERSION = YES;
				CLANG_WARN_NON_LITERAL_NULL_CONVERSION = YES;
				CLANG_WARN_OBJC_IMPLICIT_RETAIN_SELF = YES;
				CLANG_WARN_OBJC_LITERAL_CONVERSION = YES;
				CLANG_WARN_OBJC_ROOT_CLASS = YES_ERROR;
				CLANG_WARN_RANGE_LOOP_ANALYSIS = YES;
				CLANG_WARN_STRICT_PROTOTYPES = YES;
				CLANG_WARN_SUSPICIOUS_MOVE = YES;
				CLANG_WARN_UNGUARDED_AVAILABILITY = YES_AGGRESSIVE;
				CLANG_WARN_UNREACHABLE_CODE = YES;
				CLANG_WARN__DUPLICATE_METHOD_MATCH = YES;
				CODE_SIGN_IDENTITY = "iPhone Developer";
				COPY_PHASE_STRIP = NO;
				DEBUG_INFORMATION_FORMAT = "dwarf-with-dsym";
				ENABLE_NS_ASSERTIONS = NO;
				ENABLE_STRICT_OBJC_MSGSEND = YES;
				GCC_C_LANGUAGE_STANDARD = gnu11;
				GCC_NO_COMMON_BLOCKS = YES;
				GCC_WARN_64_TO_32_BIT_CONVERSION = YES;
				GCC_WARN_ABOUT_RETURN_TYPE = YES_ERROR;
				GCC_WARN_UNDECLARED_SELECTOR = YES;
				GCC_WARN_UNINITIALIZED_AUTOS = YES_AGGRESSIVE;
				GCC_WARN_UNUSED_FUNCTION = YES;
				GCC_WARN_UNUSED_VARIABLE = YES;
				IPHONEOS_DEPLOYMENT_TARGET = 12.0;
				MTL_ENABLE_DEBUG_INFO = NO;
				MTL_FAST_MATH = YES;
				SDKROOT = iphoneos;
				SWIFT_COMPILATION_MODE = wholemodule;
				SWIFT_OPTIMIZATION_LEVEL = "-O";
				VALIDATE_PRODUCT = YES;
			};
			name = Release;
		};
		73E1276B2181FB17001D0F40 /* Debug */ = {
			isa = XCBuildConfiguration;
			buildSettings = {
				ASSETCATALOG_COMPILER_APPICON_NAME = AppIcon;
				CODE_SIGN_STYLE = Automatic;
				DEVELOPMENT_TEAM = 2M32NU45AF;
				ENABLE_BITCODE = YES;
				INFOPLIST_FILE = PitchPerfict/Info.plist;
				LD_RUNPATH_SEARCH_PATHS = (
					"$(inherited)",
					"@executable_path/Frameworks",
				);
				PRODUCT_BUNDLE_IDENTIFIER = Udacity.com.PitchPerfict;
				PRODUCT_NAME = "$(TARGET_NAME)";
				SWIFT_VERSION = 4.2;
				TARGETED_DEVICE_FAMILY = "1,2";
			};
			name = Debug;
		};
		73E1276C2181FB17001D0F40 /* Release */ = {
			isa = XCBuildConfiguration;
			buildSettings = {
				ASSETCATALOG_COMPILER_APPICON_NAME = AppIcon;
				CODE_SIGN_STYLE = Automatic;
				DEVELOPMENT_TEAM = 2M32NU45AF;
				ENABLE_BITCODE = YES;
				INFOPLIST_FILE = PitchPerfict/Info.plist;
				LD_RUNPATH_SEARCH_PATHS = (
					"$(inherited)",
					"@executable_path/Frameworks",
				);
				PRODUCT_BUNDLE_IDENTIFIER = Udacity.com.PitchPerfict;
				PRODUCT_NAME = "$(TARGET_NAME)";
				SWIFT_VERSION = 4.2;
				TARGETED_DEVICE_FAMILY = "1,2";
			};
			name = Release;
		};
/* End XCBuildConfiguration section */

/* Begin XCConfigurationList section */
		73E127532181FB15001D0F40 /* Build configuration list for PBXProject "PitchPerfict" */ = {
			isa = XCConfigurationList;
			buildConfigurations = (
				73E127682181FB17001D0F40 /* Debug */,
				73E127692181FB17001D0F40 /* Release */,
			);
			defaultConfigurationIsVisible = 0;
			defaultConfigurationName = Release;
		};
		73E1276A2181FB17001D0F40 /* Build configuration list for PBXNativeTarget "PitchPerfict" */ = {
			isa = XCConfigurationList;
			buildConfigurations = (
				73E1276B2181FB17001D0F40 /* Debug */,
				73E1276C2181FB17001D0F40 /* Release */,
			);
			defaultConfigurationIsVisible = 0;
			defaultConfigurationName = Release;
		};
/* End XCConfigurationList section */
	};
	rootObject = 73E127502181FB15001D0F40 /* Project object */;
}
